
Microsoft Visual Studio Solution File, Format Version 12.00
# Visual Studio 14
VisualStudioVersion = 14.0.25420.1
MinimumVisualStudioVersion = 10.0.40219.1
Project("{FAE04EC0-301F-11D3-BF4B-00C04F79EFBC}") = "DP", "DP\DP.csproj", "{E395DEB0-51B1-418B-95F1-8D2D3A5B77AE}"
EndProject
Project("{2150E333-8FDC-42A3-9474-1A3956D46DE8}") = "Structural", "Structural", "{17BCDFB9-407F-4EBA-A5E3-8857D6A684C7}"
EndProject
Project("{FAE04EC0-301F-11D3-BF4B-00C04F79EFBC}") = "Decorator", "Decorator\Decorator.csproj", "{9F3B2BA7-7ABD-4F72-A521-F6487536A88A}"
EndProject
Project("{2150E333-8FDC-42A3-9474-1A3956D46DE8}") = "Creational", "Creational", "{58719D7E-53E3-4EA5-B2AD-5892946C2868}"
EndProject
Project("{FAE04EC0-301F-11D3-BF4B-00C04F79EFBC}") = "Singleton", "Singleton\Singleton.csproj", "{8EA61B77-B2E4-43B1-8954-09BB2B30B434}"
EndProject
Project("{2150E333-8FDC-42A3-9474-1A3956D46DE8}") = "Behavioral", "Behavioral", "{4A5D394A-A5B5-4604-9352-C59AE7CAC434}"
EndProject
Project("{FAE04EC0-301F-11D3-BF4B-00C04F79EFBC}") = "Strategy", "Strategy\Strategy.csproj", "{3C0309A5-F261-4C77-B4F5-17F21E0FBB0A}"
EndProject
Project("{FAE04EC0-301F-11D3-BF4B-00C04F79EFBC}") = "Observer", "Observer\Observer.csproj", "{83189BD0-085B-4094-9253-6968A481CB81}"
EndProject
Project("{FAE04EC0-301F-11D3-BF4B-00C04F79EFBC}") = "FactoryMethod", "FactoryMethod\FactoryMethod.csproj", "{6F58882B-CD75-4B11-A282-6E1AA6A79FB3}"
EndProject
Project("{FAE04EC0-301F-11D3-BF4B-00C04F79EFBC}") = "Adapter", "Adapter\Adapter.csproj", "{C640D023-48E6-452B-BEB2-5FAFF36B5A00}"
EndProject
Project("{FAE04EC0-301F-11D3-BF4B-00C04F79EFBC}") = "Command", "Command\Command.csproj", "{F1A5E651-5105-445E-A29A-0CE69858A81C}"
EndProject
Project("{FAE04EC0-301F-11D3-BF4B-00C04F79EFBC}") = "Facade", "Facade\Facade.csproj", "{C7E86ED2-D2DD-4266-80E1-9FB30393DB61}"
EndProject
Project("{FAE04EC0-301F-11D3-BF4B-00C04F79EFBC}") = "Template", "Template\Template.csproj", "{615C42F3-07C3-4997-BD34-9890A567436A}"
EndProject
Global
	GlobalSection(SolutionConfigurationPlatforms) = preSolution
		Debug|Any CPU = Debug|Any CPU
		Release|Any CPU = Release|Any CPU
	EndGlobalSection
	GlobalSection(ProjectConfigurationPlatforms) = postSolution
		{E395DEB0-51B1-418B-95F1-8D2D3A5B77AE}.Debug|Any CPU.ActiveCfg = Debug|Any CPU
		{E395DEB0-51B1-418B-95F1-8D2D3A5B77AE}.Debug|Any CPU.Build.0 = Debug|Any CPU
		{E395DEB0-51B1-418B-95F1-8D2D3A5B77AE}.Release|Any CPU.ActiveCfg = Release|Any CPU
		{E395DEB0-51B1-418B-95F1-8D2D3A5B77AE}.Release|Any CPU.Build.0 = Release|Any CPU
		{9F3B2BA7-7ABD-4F72-A521-F6487536A88A}.Debug|Any CPU.ActiveCfg = Debug|Any CPU
		{9F3B2BA7-7ABD-4F72-A521-F6487536A88A}.Debug|Any CPU.Build.0 = Debug|Any CPU
		{9F3B2BA7-7ABD-4F72-A521-F6487536A88A}.Release|Any CPU.ActiveCfg = Release|Any CPU
		{9F3B2BA7-7ABD-4F72-A521-F6487536A88A}.Release|Any CPU.Build.0 = Release|Any CPU
		{8EA61B77-B2E4-43B1-8954-09BB2B30B434}.Debug|Any CPU.ActiveCfg = Debug|Any CPU
		{8EA61B77-B2E4-43B1-8954-09BB2B30B434}.Debug|Any CPU.Build.0 = Debug|Any CPU
		{8EA61B77-B2E4-43B1-8954-09BB2B30B434}.Release|Any CPU.ActiveCfg = Release|Any CPU
		{8EA61B77-B2E4-43B1-8954-09BB2B30B434}.Release|Any CPU.Build.0 = Release|Any CPU
		{3C0309A5-F261-4C77-B4F5-17F21E0FBB0A}.Debug|Any CPU.ActiveCfg = Debug|Any CPU
		{3C0309A5-F261-4C77-B4F5-17F21E0FBB0A}.Debug|Any CPU.Build.0 = Debug|Any CPU
		{3C0309A5-F261-4C77-B4F5-17F21E0FBB0A}.Release|Any CPU.ActiveCfg = Release|Any CPU
		{3C0309A5-F261-4C77-B4F5-17F21E0FBB0A}.Release|Any CPU.Build.0 = Release|Any CPU
		{83189BD0-085B-4094-9253-6968A481CB81}.Debug|Any CPU.ActiveCfg = Debug|Any CPU
		{83189BD0-085B-4094-9253-6968A481CB81}.Debug|Any CPU.Build.0 = Debug|Any CPU
		{83189BD0-085B-4094-9253-6968A481CB81}.Release|Any CPU.ActiveCfg = Release|Any CPU
		{83189BD0-085B-4094-9253-6968A481CB81}.Release|Any CPU.Build.0 = Release|Any CPU
		{6F58882B-CD75-4B11-A282-6E1AA6A79FB3}.Debug|Any CPU.ActiveCfg = Debug|Any CPU
		{6F58882B-CD75-4B11-A282-6E1AA6A79FB3}.Debug|Any CPU.Build.0 = Debug|Any CPU
		{6F58882B-CD75-4B11-A282-6E1AA6A79FB3}.Release|Any CPU.ActiveCfg = Release|Any CPU
		{6F58882B-CD75-4B11-A282-6E1AA6A79FB3}.Release|Any CPU.Build.0 = Release|Any CPU
		{C640D023-48E6-452B-BEB2-5FAFF36B5A00}.Debug|Any CPU.ActiveCfg = Debug|Any CPU
		{C640D023-48E6-452B-BEB2-5FAFF36B5A00}.Debug|Any CPU.Build.0 = Debug|Any CPU
		{C640D023-48E6-452B-BEB2-5FAFF36B5A00}.Release|Any CPU.ActiveCfg = Release|Any CPU
		{C640D023-48E6-452B-BEB2-5FAFF36B5A00}.Release|Any CPU.Build.0 = Release|Any CPU
		{F1A5E651-5105-445E-A29A-0CE69858A81C}.Debug|Any CPU.ActiveCfg = Debug|Any CPU
		{F1A5E651-5105-445E-A29A-0CE69858A81C}.Debug|Any CPU.Build.0 = Debug|Any CPU
		{F1A5E651-5105-445E-A29A-0CE69858A81C}.Release|Any CPU.ActiveCfg = Release|Any CPU
		{F1A5E651-5105-445E-A29A-0CE69858A81C}.Release|Any CPU.Build.0 = Release|Any CPU
		{C7E86ED2-D2DD-4266-80E1-9FB30393DB61}.Debug|Any CPU.ActiveCfg = Debug|Any CPU
		{C7E86ED2-D2DD-4266-80E1-9FB30393DB61}.Debug|Any CPU.Build.0 = Debug|Any CPU
		{C7E86ED2-D2DD-4266-80E1-9FB30393DB61}.Release|Any CPU.ActiveCfg = Release|Any CPU
		{C7E86ED2-D2DD-4266-80E1-9FB30393DB61}.Release|Any CPU.Build.0 = Release|Any CPU
		{615C42F3-07C3-4997-BD34-9890A567436A}.Debug|Any CPU.ActiveCfg = Debug|Any CPU
		{615C42F3-07C3-4997-BD34-9890A567436A}.Debug|Any CPU.Build.0 = Debug|Any CPU
		{615C42F3-07C3-4997-BD34-9890A567436A}.Release|Any CPU.ActiveCfg = Release|Any CPU
		{615C42F3-07C3-4997-BD34-9890A567436A}.Release|Any CPU.Build.0 = Release|Any CPU
	EndGlobalSection
	GlobalSection(SolutionProperties) = preSolution
		HideSolutionNode = FALSE
	EndGlobalSection
	GlobalSection(NestedProjects) = preSolution
		{9F3B2BA7-7ABD-4F72-A521-F6487536A88A} = {17BCDFB9-407F-4EBA-A5E3-8857D6A684C7}
		{8EA61B77-B2E4-43B1-8954-09BB2B30B434} = {58719D7E-53E3-4EA5-B2AD-5892946C2868}
		{3C0309A5-F261-4C77-B4F5-17F21E0FBB0A} = {4A5D394A-A5B5-4604-9352-C59AE7CAC434}
		{83189BD0-085B-4094-9253-6968A481CB81} = {4A5D394A-A5B5-4604-9352-C59AE7CAC434}
		{6F58882B-CD75-4B11-A282-6E1AA6A79FB3} = {58719D7E-53E3-4EA5-B2AD-5892946C2868}
		{C640D023-48E6-452B-BEB2-5FAFF36B5A00} = {17BCDFB9-407F-4EBA-A5E3-8857D6A684C7}
		{F1A5E651-5105-445E-A29A-0CE69858A81C} = {4A5D394A-A5B5-4604-9352-C59AE7CAC434}
		{C7E86ED2-D2DD-4266-80E1-9FB30393DB61} = {17BCDFB9-407F-4EBA-A5E3-8857D6A684C7}
		{615C42F3-07C3-4997-BD34-9890A567436A} = {4A5D394A-A5B5-4604-9352-C59AE7CAC434}
	EndGlobalSection
EndGlobal
